
Microsoft Visual Studio Solution File, Format Version 12.00
# Visual Studio 15
VisualStudioVersion = 15.0.28010.2026
MinimumVisualStudioVersion = 10.0.40219.1
Project("{FAE04EC0-301F-11D3-BF4B-00C04F79EFBC}") = "Raggruppatore", "Raggruppatore\Raggruppatore.csproj", "{9ADCDBB5-3EA8-4546-8AA9-D4D6481C4DA8}"
EndProject
Global
	GlobalSection(SolutionConfigurationPlatforms) = preSolution
		Debug|Any CPU = Debug|Any CPU
		Release|Any CPU = Release|Any CPU
	EndGlobalSection
	GlobalSection(ProjectConfigurationPlatforms) = postSolution
		{9ADCDBB5-3EA8-4546-8AA9-D4D6481C4DA8}.Debug|Any CPU.ActiveCfg = Debug|Any CPU
		{9ADCDBB5-3EA8-4546-8AA9-D4D6481C4DA8}.Debug|Any CPU.Build.0 = Debug|Any CPU
		{9ADCDBB5-3EA8-4546-8AA9-D4D6481C4DA8}.Release|Any CPU.ActiveCfg = Release|Any CPU
		{9ADCDBB5-3EA8-4546-8AA9-D4D6481C4DA8}.Release|Any CPU.Build.0 = Release|Any CPU
	EndGlobalSection
	GlobalSection(SolutionProperties) = preSolution
		HideSolutionNode = FALSE
	EndGlobalSection
	GlobalSection(ExtensibilityGlobals) = postSolution
		SolutionGuid = {645928FA-85D7-4B16-922E-52291550B87F}
	EndGlobalSection
EndGlobal
